
Microsoft Visual Studio Solution File, Format Version 12.00
# Visual Studio Version 17
VisualStudioVersion = 17.6.33829.357
MinimumVisualStudioVersion = 10.0.40219.1
Project("{8BC9CEB8-8B4A-11D0-8D11-00A0C91BC942}") = "phantomGuide", "phantomGuide.vcxproj", "{B1CF24D7-1CE0-443E-A472-8354D6631D9E}"
EndProject
Global
	GlobalSection(SolutionConfigurationPlatforms) = preSolution
		Debug|x64 = Debug|x64
		Release|x64 = Release|x64
	EndGlobalSection
	GlobalSection(ProjectConfigurationPlatforms) = postSolution
		{B1CF24D7-1CE0-443E-A472-8354D6631D9E}.Debug|x64.ActiveCfg = Debug|x64
		{B1CF24D7-1CE0-443E-A472-8354D6631D9E}.Debug|x64.Build.0 = Debug|x64
		{B1CF24D7-1CE0-443E-A472-8354D6631D9E}.Release|x64.ActiveCfg = Release|x64
		{B1CF24D7-1CE0-443E-A472-8354D6631D9E}.Release|x64.Build.0 = Release|x64
	EndGlobalSection
	GlobalSection(SolutionProperties) = preSolution
		HideSolutionNode = FALSE
	EndGlobalSection
	GlobalSection(ExtensibilityGlobals) = postSolution
		SolutionGuid = {BAE6799F-8379-40F8-89F3-827E283333A8}
	EndGlobalSection
EndGlobal
